
Microsoft Visual Studio Solution File, Format Version 12.00
# Visual Studio Version 17
VisualStudioVersion = 17.8.34322.80
MinimumVisualStudioVersion = 10.0.40219.1
Project("{FAE04EC0-301F-11D3-BF4B-00C04F79EFBC}") = "microsoftLearnExercise3", "microsoftLearnExercise3\microsoftLearnExercise3.csproj", "{9835392C-FF8D-4C38-B790-59EC6DB45A8F}"
EndProject
Global
	GlobalSection(SolutionConfigurationPlatforms) = preSolution
		Debug|Any CPU = Debug|Any CPU
		Release|Any CPU = Release|Any CPU
	EndGlobalSection
	GlobalSection(ProjectConfigurationPlatforms) = postSolution
		{9835392C-FF8D-4C38-B790-59EC6DB45A8F}.Debug|Any CPU.ActiveCfg = Debug|Any CPU
		{9835392C-FF8D-4C38-B790-59EC6DB45A8F}.Debug|Any CPU.Build.0 = Debug|Any CPU
		{9835392C-FF8D-4C38-B790-59EC6DB45A8F}.Release|Any CPU.ActiveCfg = Release|Any CPU
		{9835392C-FF8D-4C38-B790-59EC6DB45A8F}.Release|Any CPU.Build.0 = Release|Any CPU
	EndGlobalSection
	GlobalSection(SolutionProperties) = preSolution
		HideSolutionNode = FALSE
	EndGlobalSection
	GlobalSection(ExtensibilityGlobals) = postSolution
		SolutionGuid = {73777EFC-791D-44B2-8DEF-E763D04B3A9B}
	EndGlobalSection
EndGlobal
